// !$*UTF8*$!
{
	archiveVersion = 1;
	classes = {
	};
	objectVersion = 77;
	objects = {

/* Begin PBXBuildFile section */
		9233F4062E30087F003620EC /* KeychainAccess in Frameworks */ = {isa = PBXBuildFile; productRef = 9233F4052E30087F003620EC /* KeychainAccess */; };
		9233F4092E30094E003620EC /* GoogleSignIn in Frameworks */ = {isa = PBXBuildFile; productRef = 9233F4082E30094E003620EC /* GoogleSignIn */; };
		92C8A4632E6EE2FC00B0E887 /* GoogleSignInSwift in Frameworks */ = {isa = PBXBuildFile; productRef = 92C8A4622E6EE2FC00B0E887 /* GoogleSignInSwift */; };
		92CC2D572E2F82720008B48C /* FirebaseAuth in Frameworks */ = {isa = PBXBuildFile; productRef = 92CC2D562E2F82720008B48C /* FirebaseAuth */; };
		92CC2D592E2F82720008B48C /* FirebaseAuthCombine-Community in Frameworks */ = {isa = PBXBuildFile; productRef = 92CC2D582E2F82720008B48C /* FirebaseAuthCombine-Community */; };
		92CC2D5B2E2F82720008B48C /* FirebaseFirestore in Frameworks */ = {isa = PBXBuildFile; productRef = 92CC2D5A2E2F82720008B48C /* FirebaseFirestore */; };
		92CC2D5D2E2F82720008B48C /* FirebaseStorage in Frameworks */ = {isa = PBXBuildFile; productRef = 92CC2D5C2E2F82720008B48C /* FirebaseStorage */; };
/* End PBXBuildFile section */

/* Begin PBXContainerItemProxy section */
		92CC2D372E2E9EA70008B48C /* PBXContainerItemProxy */ = {
			isa = PBXContainerItemProxy;
			containerPortal = 92CC2D212E2E9EA50008B48C /* Project object */;
			proxyType = 1;
			remoteGlobalIDString = 92CC2D282E2E9EA50008B48C;
			remoteInfo = SubsAI;
		};
		92CC2D412E2E9EA70008B48C /* PBXContainerItemProxy */ = {
			isa = PBXContainerItemProxy;
			containerPortal = 92CC2D212E2E9EA50008B48C /* Project object */;
			proxyType = 1;
			remoteGlobalIDString = 92CC2D282E2E9EA50008B48C;
			remoteInfo = SubsAI;
		};
/* End PBXContainerItemProxy section */

/* Begin PBXFileReference section */
		92CC2D292E2E9EA50008B48C /* SubsAI.app */ = {isa = PBXFileReference; explicitFileType = wrapper.application; includeInIndex = 0; path = SubsAI.app; sourceTree = BUILT_PRODUCTS_DIR; };
		92CC2D362E2E9EA70008B48C /* SubsAITests.xctest */ = {isa = PBXFileReference; explicitFileType = wrapper.cfbundle; includeInIndex = 0; path = SubsAITests.xctest; sourceTree = BUILT_PRODUCTS_DIR; };
		92CC2D402E2E9EA70008B48C /* SubsAIUITests.xctest */ = {isa = PBXFileReference; explicitFileType = wrapper.cfbundle; includeInIndex = 0; path = SubsAIUITests.xctest; sourceTree = BUILT_PRODUCTS_DIR; };
/* End PBXFileReference section */

/* Begin PBXFileSystemSynchronizedBuildFileExceptionSet section */
		9233F4032E3007ED003620EC /* Exceptions for "SubsAI" folder in "SubsAI" target */ = {
			isa = PBXFileSystemSynchronizedBuildFileExceptionSet;
			membershipExceptions = (
				Info.plist,
			);
			target = 92CC2D282E2E9EA50008B48C /* SubsAI */;
		};
/* End PBXFileSystemSynchronizedBuildFileExceptionSet section */

/* Begin PBXFileSystemSynchronizedRootGroup section */
		92CC2D2B2E2E9EA50008B48C /* SubsAI */ = {
			isa = PBXFileSystemSynchronizedRootGroup;
			exceptions = (
				9233F4032E3007ED003620EC /* Exceptions for "SubsAI" folder in "SubsAI" target */,
			);
			path = SubsAI;
			sourceTree = "<group>";
		};
		92CC2D392E2E9EA70008B48C /* SubsAITests */ = {
			isa = PBXFileSystemSynchronizedRootGroup;
			path = SubsAITests;
			sourceTree = "<group>";
		};
		92CC2D432E2E9EA70008B48C /* SubsAIUITests */ = {
			isa = PBXFileSystemSynchronizedRootGroup;
			path = SubsAIUITests;
			sourceTree = "<group>";
		};
/* End PBXFileSystemSynchronizedRootGroup section */

/* Begin PBXFrameworksBuildPhase section */
		92CC2D262E2E9EA50008B48C /* Frameworks */ = {
			isa = PBXFrameworksBuildPhase;
			buildActionMask = 2147483647;
			files = (
				92CC2D572E2F82720008B48C /* FirebaseAuth in Frameworks */,
				92CC2D5D2E2F82720008B48C /* FirebaseStorage in Frameworks */,
				92C8A4632E6EE2FC00B0E887 /* GoogleSignInSwift in Frameworks */,
				92CC2D592E2F82720008B48C /* FirebaseAuthCombine-Community in Frameworks */,
				92CC2D5B2E2F82720008B48C /* FirebaseFirestore in Frameworks */,
				9233F4062E30087F003620EC /* KeychainAccess in Frameworks */,
				9233F4092E30094E003620EC /* GoogleSignIn in Frameworks */,
			);
			runOnlyForDeploymentPostprocessing = 0;
		};
		92CC2D332E2E9EA70008B48C /* Frameworks */ = {
			isa = PBXFrameworksBuildPhase;
			buildActionMask = 2147483647;
			files = (
			);
			runOnlyForDeploymentPostprocessing = 0;
		};
		92CC2D3D2E2E9EA70008B48C /* Frameworks */ = {
			isa = PBXFrameworksBuildPhase;
			buildActionMask = 2147483647;
			files = (
			);
			runOnlyForDeploymentPostprocessing = 0;
		};
/* End PBXFrameworksBuildPhase section */

/* Begin PBXGroup section */
		92CC2D202E2E9EA50008B48C = {
			isa = PBXGroup;
			children = (
				92CC2D2B2E2E9EA50008B48C /* SubsAI */,
				92CC2D392E2E9EA70008B48C /* SubsAITests */,
				92CC2D432E2E9EA70008B48C /* SubsAIUITests */,
				92CC2D2A2E2E9EA50008B48C /* Products */,
			);
			sourceTree = "<group>";
		};
		92CC2D2A2E2E9EA50008B48C /* Products */ = {
			isa = PBXGroup;
			children = (
				92CC2D292E2E9EA50008B48C /* SubsAI.app */,
				92CC2D362E2E9EA70008B48C /* SubsAITests.xctest */,
				92CC2D402E2E9EA70008B48C /* SubsAIUITests.xctest */,
			);
			name = Products;
			sourceTree = "<group>";
		};
/* End PBXGroup section */

/* Begin PBXNativeTarget section */
		92CC2D282E2E9EA50008B48C /* SubsAI */ = {
			isa = PBXNativeTarget;
			buildConfigurationList = 92CC2D4A2E2E9EA70008B48C /* Build configuration list for PBXNativeTarget "SubsAI" */;
			buildPhases = (
				92CC2D252E2E9EA50008B48C /* Sources */,
				92CC2D262E2E9EA50008B48C /* Frameworks */,
				92CC2D272E2E9EA50008B48C /* Resources */,
			);
			buildRules = (
			);
			dependencies = (
			);
			fileSystemSynchronizedGroups = (
				92CC2D2B2E2E9EA50008B48C /* SubsAI */,
			);
			name = SubsAI;
			packageProductDependencies = (
				92CC2D562E2F82720008B48C /* FirebaseAuth */,
				92CC2D582E2F82720008B48C /* FirebaseAuthCombine-Community */,
				92CC2D5A2E2F82720008B48C /* FirebaseFirestore */,
				92CC2D5C2E2F82720008B48C /* FirebaseStorage */,
				9233F4052E30087F003620EC /* KeychainAccess */,
				9233F4082E30094E003620EC /* GoogleSignIn */,
				92C8A4622E6EE2FC00B0E887 /* GoogleSignInSwift */,
			);
			productName = SubsAI;
			productReference = 92CC2D292E2E9EA50008B48C /* SubsAI.app */;
			productType = "com.apple.product-type.application";
		};
		92CC2D352E2E9EA70008B48C /* SubsAITests */ = {
			isa = PBXNativeTarget;
			buildConfigurationList = 92CC2D4D2E2E9EA70008B48C /* Build configuration list for PBXNativeTarget "SubsAITests" */;
			buildPhases = (
				92CC2D322E2E9EA70008B48C /* Sources */,
				92CC2D332E2E9EA70008B48C /* Frameworks */,
				92CC2D342E2E9EA70008B48C /* Resources */,
			);
			buildRules = (
			);
			dependencies = (
				92CC2D382E2E9EA70008B48C /* PBXTargetDependency */,
			);
			fileSystemSynchronizedGroups = (
				92CC2D392E2E9EA70008B48C /* SubsAITests */,
			);
			name = SubsAITests;
			packageProductDependencies = (
			);
			productName = SubsAITests;
			productReference = 92CC2D362E2E9EA70008B48C /* SubsAITests.xctest */;
			productType = "com.apple.product-type.bundle.unit-test";
		};
		92CC2D3F2E2E9EA70008B48C /* SubsAIUITests */ = {
			isa = PBXNativeTarget;
			buildConfigurationList = 92CC2D502E2E9EA70008B48C /* Build configuration list for PBXNativeTarget "SubsAIUITests" */;
			buildPhases = (
				92CC2D3C2E2E9EA70008B48C /* Sources */,
				92CC2D3D2E2E9EA70008B48C /* Frameworks */,
				92CC2D3E2E2E9EA70008B48C /* Resources */,
			);
			buildRules = (
			);
			dependencies = (
				92CC2D422E2E9EA70008B48C /* PBXTargetDependency */,
			);
			fileSystemSynchronizedGroups = (
				92CC2D432E2E9EA70008B48C /* SubsAIUITests */,
			);
			name = SubsAIUITests;
			packageProductDependencies = (
			);
			productName = SubsAIUITests;
			productReference = 92CC2D402E2E9EA70008B48C /* SubsAIUITests.xctest */;
			productType = "com.apple.product-type.bundle.ui-testing";
		};
/* End PBXNativeTarget section */

/* Begin PBXProject section */
		92CC2D212E2E9EA50008B48C /* Project object */ = {
			isa = PBXProject;
			attributes = {
				BuildIndependentTargetsInParallel = 1;
				LastSwiftUpdateCheck = 1640;
				LastUpgradeCheck = 1640;
				TargetAttributes = {
					92CC2D282E2E9EA50008B48C = {
						CreatedOnToolsVersion = 16.4;
					};
					92CC2D352E2E9EA70008B48C = {
						CreatedOnToolsVersion = 16.4;
						TestTargetID = 92CC2D282E2E9EA50008B48C;
					};
					92CC2D3F2E2E9EA70008B48C = {
						CreatedOnToolsVersion = 16.4;
						TestTargetID = 92CC2D282E2E9EA50008B48C;
					};
				};
			};
			buildConfigurationList = 92CC2D242E2E9EA50008B48C /* Build configuration list for PBXProject "SubsAI" */;
			developmentRegion = en;
			hasScannedForEncodings = 0;
			knownRegions = (
				en,
				Base,
			);
			mainGroup = 92CC2D202E2E9EA50008B48C;
			minimizedProjectReferenceProxies = 1;
			packageReferences = (
				92CC2D552E2F82720008B48C /* XCRemoteSwiftPackageReference "firebase-ios-sdk" */,
				9233F4042E30087F003620EC /* XCRemoteSwiftPackageReference "KeychainAccess" */,
				9233F4072E30094E003620EC /* XCRemoteSwiftPackageReference "GoogleSignIn-iOS" */,
			);
			preferredProjectObjectVersion = 77;
			productRefGroup = 92CC2D2A2E2E9EA50008B48C /* Products */;
			projectDirPath = "";
			projectRoot = "";
			targets = (
				92CC2D282E2E9EA50008B48C /* SubsAI */,
				92CC2D352E2E9EA70008B48C /* SubsAITests */,
				92CC2D3F2E2E9EA70008B48C /* SubsAIUITests */,
			);
		};
/* End PBXProject section */

/* Begin PBXResourcesBuildPhase section */
		92CC2D272E2E9EA50008B48C /* Resources */ = {
			isa = PBXResourcesBuildPhase;
			buildActionMask = 2147483647;
			files = (
			);
			runOnlyForDeploymentPostprocessing = 0;
		};
		92CC2D342E2E9EA70008B48C /* Resources */ = {
			isa = PBXResourcesBuildPhase;
			buildActionMask = 2147483647;
			files = (
			);
			runOnlyForDeploymentPostprocessing = 0;
		};
		92CC2D3E2E2E9EA70008B48C /* Resources */ = {
			isa = PBXResourcesBuildPhase;
			buildActionMask = 2147483647;
			files = (
			);
			runOnlyForDeploymentPostprocessing = 0;
		};
/* End PBXResourcesBuildPhase section */

/* Begin PBXSourcesBuildPhase section */
		92CC2D252E2E9EA50008B48C /* Sources */ = {
			isa = PBXSourcesBuildPhase;
			buildActionMask = 2147483647;
			files = (
			);
			runOnlyForDeploymentPostprocessing = 0;
		};
		92CC2D322E2E9EA70008B48C /* Sources */ = {
			isa = PBXSourcesBuildPhase;
			buildActionMask = 2147483647;
			files = (
			);
			runOnlyForDeploymentPostprocessing = 0;
		};
		92CC2D3C2E2E9EA70008B48C /* Sources */ = {
			isa = PBXSourcesBuildPhase;
			buildActionMask = 2147483647;
			files = (
			);
			runOnlyForDeploymentPostprocessing = 0;
		};
/* End PBXSourcesBuildPhase section */

/* Begin PBXTargetDependency section */
		92CC2D382E2E9EA70008B48C /* PBXTargetDependency */ = {
			isa = PBXTargetDependency;
			target = 92CC2D282E2E9EA50008B48C /* SubsAI */;
			targetProxy = 92CC2D372E2E9EA70008B48C /* PBXContainerItemProxy */;
		};
		92CC2D422E2E9EA70008B48C /* PBXTargetDependency */ = {
			isa = PBXTargetDependency;
			target = 92CC2D282E2E9EA50008B48C /* SubsAI */;
			targetProxy = 92CC2D412E2E9EA70008B48C /* PBXContainerItemProxy */;
		};
/* End PBXTargetDependency section */

/* Begin XCBuildConfiguration section */
		92CC2D482E2E9EA70008B48C /* Debug */ = {
			isa = XCBuildConfiguration;
			buildSettings = {
				ALWAYS_SEARCH_USER_PATHS = NO;
				ASSETCATALOG_COMPILER_GENERATE_SWIFT_ASSET_SYMBOL_EXTENSIONS = YES;
				CLANG_ANALYZER_NONNULL = YES;
				CLANG_ANALYZER_NUMBER_OBJECT_CONVERSION = YES_AGGRESSIVE;
				CLANG_CXX_LANGUAGE_STANDARD = "gnu++20";
				CLANG_ENABLE_MODULES = YES;
				CLANG_ENABLE_OBJC_ARC = YES;
				CLANG_ENABLE_OBJC_WEAK = YES;
				CLANG_WARN_BLOCK_CAPTURE_AUTORELEASING = YES;
				CLANG_WARN_BOOL_CONVERSION = YES;
				CLANG_WARN_COMMA = YES;
				CLANG_WARN_CONSTANT_CONVERSION = YES;
				CLANG_WARN_DEPRECATED_OBJC_IMPLEMENTATIONS = YES;
				CLANG_WARN_DIRECT_OBJC_ISA_USAGE = YES_ERROR;
				CLANG_WARN_DOCUMENTATION_COMMENTS = YES;
				CLANG_WARN_EMPTY_BODY = YES;
				CLANG_WARN_ENUM_CONVERSION = YES;
				CLANG_WARN_INFINITE_RECURSION = YES;
				CLANG_WARN_INT_CONVERSION = YES;
				CLANG_WARN_NON_LITERAL_NULL_CONVERSION = YES;
				CLANG_WARN_OBJC_IMPLICIT_RETAIN_SELF = YES;
				CLANG_WARN_OBJC_LITERAL_CONVERSION = YES;
				CLANG_WARN_OBJC_ROOT_CLASS = YES_ERROR;
				CLANG_WARN_QUOTED_INCLUDE_IN_FRAMEWORK_HEADER = YES;
				CLANG_WARN_RANGE_LOOP_ANALYSIS = YES;
				CLANG_WARN_STRICT_PROTOTYPES = YES;
				CLANG_WARN_SUSPICIOUS_MOVE = YES;
				CLANG_WARN_UNGUARDED_AVAILABILITY = YES_AGGRESSIVE;
				CLANG_WARN_UNREACHABLE_CODE = YES;
				CLANG_WARN__DUPLICATE_METHOD_MATCH = YES;
				COPY_PHASE_STRIP = NO;
				DEBUG_INFORMATION_FORMAT = dwarf;
				DEVELOPMENT_TEAM = 7ZX376GC28;
				ENABLE_STRICT_OBJC_MSGSEND = YES;
				ENABLE_TESTABILITY = YES;
				ENABLE_USER_SCRIPT_SANDBOXING = YES;
				GCC_C_LANGUAGE_STANDARD = gnu17;
				GCC_DYNAMIC_NO_PIC = NO;
				GCC_NO_COMMON_BLOCKS = YES;
				GCC_OPTIMIZATION_LEVEL = 0;
				GCC_PREPROCESSOR_DEFINITIONS = (
					"DEBUG=1",
					"$(inherited)",
				);
				GCC_WARN_64_TO_32_BIT_CONVERSION = YES;
				GCC_WARN_ABOUT_RETURN_TYPE = YES_ERROR;
				GCC_WARN_UNDECLARED_SELECTOR = YES;
				GCC_WARN_UNINITIALIZED_AUTOS = YES_AGGRESSIVE;
				GCC_WARN_UNUSED_FUNCTION = YES;
				GCC_WARN_UNUSED_VARIABLE = YES;
				IPHONEOS_DEPLOYMENT_TARGET = 17.6;
				LOCALIZATION_PREFERS_STRING_CATALOGS = YES;
				MTL_ENABLE_DEBUG_INFO = INCLUDE_SOURCE;
				MTL_FAST_MATH = YES;
				ONLY_ACTIVE_ARCH = YES;
				SDKROOT = iphoneos;
				SWIFT_ACTIVE_COMPILATION_CONDITIONS = "DEBUG $(inherited)";
				SWIFT_OPTIMIZATION_LEVEL = "-Onone";
			};
			name = Debug;
		};
		92CC2D492E2E9EA70008B48C /* Release */ = {
			isa = XCBuildConfiguration;
			buildSettings = {
				ALWAYS_SEARCH_USER_PATHS = NO;
				ASSETCATALOG_COMPILER_GENERATE_SWIFT_ASSET_SYMBOL_EXTENSIONS = YES;
				CLANG_ANALYZER_NONNULL = YES;
				CLANG_ANALYZER_NUMBER_OBJECT_CONVERSION = YES_AGGRESSIVE;
				CLANG_CXX_LANGUAGE_STANDARD = "gnu++20";
				CLANG_ENABLE_MODULES = YES;
				CLANG_ENABLE_OBJC_ARC = YES;
				CLANG_ENABLE_OBJC_WEAK = YES;
				CLANG_WARN_BLOCK_CAPTURE_AUTORELEASING = YES;
				CLANG_WARN_BOOL_CONVERSION = YES;
				CLANG_WARN_COMMA = YES;
				CLANG_WARN_CONSTANT_CONVERSION = YES;
				CLANG_WARN_DEPRECATED_OBJC_IMPLEMENTATIONS = YES;
				CLANG_WARN_DIRECT_OBJC_ISA_USAGE = YES_ERROR;
				CLANG_WARN_DOCUMENTATION_COMMENTS = YES;
				CLANG_WARN_EMPTY_BODY = YES;
				CLANG_WARN_ENUM_CONVERSION = YES;
				CLANG_WARN_INFINITE_RECURSION = YES;
				CLANG_WARN_INT_CONVERSION = YES;
				CLANG_WARN_NON_LITERAL_NULL_CONVERSION = YES;
				CLANG_WARN_OBJC_IMPLICIT_RETAIN_SELF = YES;
				CLANG_WARN_OBJC_LITERAL_CONVERSION = YES;
				CLANG_WARN_OBJC_ROOT_CLASS = YES_ERROR;
				CLANG_WARN_QUOTED_INCLUDE_IN_FRAMEWORK_HEADER = YES;
				CLANG_WARN_RANGE_LOOP_ANALYSIS = YES;
				CLANG_WARN_STRICT_PROTOTYPES = YES;
				CLANG_WARN_SUSPICIOUS_MOVE = YES;
				CLANG_WARN_UNGUARDED_AVAILABILITY = YES_AGGRESSIVE;
				CLANG_WARN_UNREACHABLE_CODE = YES;
				CLANG_WARN__DUPLICATE_METHOD_MATCH = YES;
				COPY_PHASE_STRIP = NO;
				DEBUG_INFORMATION_FORMAT = "dwarf-with-dsym";
				DEVELOPMENT_TEAM = 7ZX376GC28;
				ENABLE_NS_ASSERTIONS = NO;
				ENABLE_STRICT_OBJC_MSGSEND = YES;
				ENABLE_USER_SCRIPT_SANDBOXING = YES;
				GCC_C_LANGUAGE_STANDARD = gnu17;
				GCC_NO_COMMON_BLOCKS = YES;
				GCC_WARN_64_TO_32_BIT_CONVERSION = YES;
				GCC_WARN_ABOUT_RETURN_TYPE = YES_ERROR;
				GCC_WARN_UNDECLARED_SELECTOR = YES;
				GCC_WARN_UNINITIALIZED_AUTOS = YES_AGGRESSIVE;
				GCC_WARN_UNUSED_FUNCTION = YES;
				GCC_WARN_UNUSED_VARIABLE = YES;
				IPHONEOS_DEPLOYMENT_TARGET = 17.6;
				LOCALIZATION_PREFERS_STRING_CATALOGS = YES;
				MTL_ENABLE_DEBUG_INFO = NO;
				MTL_FAST_MATH = YES;
				SDKROOT = iphoneos;
				SWIFT_COMPILATION_MODE = wholemodule;
				VALIDATE_PRODUCT = YES;
			};
			name = Release;
		};
		92CC2D4B2E2E9EA70008B48C /* Debug */ = {
			isa = XCBuildConfiguration;
			buildSettings = {
				ASSETCATALOG_COMPILER_APPICON_NAME = AppIcon;
				ASSETCATALOG_COMPILER_GLOBAL_ACCENT_COLOR_NAME = AccentColor;
				CODE_SIGN_STYLE = Automatic;
				CURRENT_PROJECT_VERSION = 1;
				DEVELOPMENT_TEAM = 7ZX376GC28;
				ENABLE_PREVIEWS = YES;
				GENERATE_INFOPLIST_FILE = YES;
				INFOPLIST_FILE = SubsAI/Info.plist;
				INFOPLIST_KEY_UIApplicationSupportsIndirectInputEvents = YES;
				INFOPLIST_KEY_UILaunchScreen_Generation = YES;
				INFOPLIST_KEY_UISupportedInterfaceOrientations_iPad = "UIInterfaceOrientationPortrait UIInterfaceOrientationPortraitUpsideDown UIInterfaceOrientationLandscapeLeft UIInterfaceOrientationLandscapeRight";
				INFOPLIST_KEY_UISupportedInterfaceOrientations_iPhone = "UIInterfaceOrientationPortrait UIInterfaceOrientationLandscapeLeft UIInterfaceOrientationLandscapeRight";
				IPHONEOS_DEPLOYMENT_TARGET = 17.0;
				LD_RUNPATH_SEARCH_PATHS = (
					"$(inherited)",
					"@executable_path/Frameworks",
				);
				MARKETING_VERSION = 1.0;
				PRODUCT_BUNDLE_IDENTIFIER = xyz.subsai.SubsAI;
				PRODUCT_NAME = "$(TARGET_NAME)";
				SUPPORTED_PLATFORMS = "iphoneos iphonesimulator";
				SUPPORTS_MACCATALYST = NO;
				SUPPORTS_MAC_DESIGNED_FOR_IPHONE_IPAD = NO;
				SUPPORTS_XR_DESIGNED_FOR_IPHONE_IPAD = NO;
				SWIFT_EMIT_LOC_STRINGS = YES;
				SWIFT_VERSION = 5.0;
				TARGETED_DEVICE_FAMILY = 1;
			};
			name = Debug;
		};
		92CC2D4C2E2E9EA70008B48C /* Release */ = {
			isa = XCBuildConfiguration;
			buildSettings = {
				ASSETCATALOG_COMPILER_APPICON_NAME = AppIcon;
				ASSETCATALOG_COMPILER_GLOBAL_ACCENT_COLOR_NAME = AccentColor;
				CODE_SIGN_STYLE = Automatic;
				CURRENT_PROJECT_VERSION = 1;
				DEVELOPMENT_TEAM = 7ZX376GC28;
				ENABLE_PREVIEWS = YES;
				GENERATE_INFOPLIST_FILE = YES;
				INFOPLIST_FILE = SubsAI/Info.plist;
				INFOPLIST_KEY_UIApplicationSupportsIndirectInputEvents = YES;
				INFOPLIST_KEY_UILaunchScreen_Generation = YES;
				INFOPLIST_KEY_UISupportedInterfaceOrientations_iPad = "UIInterfaceOrientationPortrait UIInterfaceOrientationPortraitUpsideDown UIInterfaceOrientationLandscapeLeft UIInterfaceOrientationLandscapeRight";
				INFOPLIST_KEY_UISupportedInterfaceOrientations_iPhone = "UIInterfaceOrientationPortrait UIInterfaceOrientationLandscapeLeft UIInterfaceOrientationLandscapeRight";
				IPHONEOS_DEPLOYMENT_TARGET = 17.0;
				LD_RUNPATH_SEARCH_PATHS = (
					"$(inherited)",
					"@executable_path/Frameworks",
				);
				MARKETING_VERSION = 1.0;
				PRODUCT_BUNDLE_IDENTIFIER = xyz.subsai.SubsAI;
				PRODUCT_NAME = "$(TARGET_NAME)";
				SUPPORTED_PLATFORMS = "iphoneos iphonesimulator";
				SUPPORTS_MACCATALYST = NO;
				SUPPORTS_MAC_DESIGNED_FOR_IPHONE_IPAD = NO;
				SUPPORTS_XR_DESIGNED_FOR_IPHONE_IPAD = NO;
				SWIFT_EMIT_LOC_STRINGS = YES;
				SWIFT_VERSION = 5.0;
				TARGETED_DEVICE_FAMILY = 1;
			};
			name = Release;
		};
		92CC2D4E2E2E9EA70008B48C /* Debug */ = {
			isa = XCBuildConfiguration;
			buildSettings = {
				BUNDLE_LOADER = "$(TEST_HOST)";
				CODE_SIGN_STYLE = Automatic;
				CURRENT_PROJECT_VERSION = 1;
				DEVELOPMENT_TEAM = 7ZX376GC28;
				GENERATE_INFOPLIST_FILE = YES;
				IPHONEOS_DEPLOYMENT_TARGET = 18.5;
				MARKETING_VERSION = 1.0;
				PRODUCT_BUNDLE_IDENTIFIER = xyz.subsai.SubsAITests;
				PRODUCT_NAME = "$(TARGET_NAME)";
				SWIFT_EMIT_LOC_STRINGS = NO;
				SWIFT_VERSION = 5.0;
				TARGETED_DEVICE_FAMILY = "1,2";
				TEST_HOST = "$(BUILT_PRODUCTS_DIR)/SubsAI.app/$(BUNDLE_EXECUTABLE_FOLDER_PATH)/SubsAI";
			};
			name = Debug;
		};
		92CC2D4F2E2E9EA70008B48C /* Release */ = {
			isa = XCBuildConfiguration;
			buildSettings = {
				BUNDLE_LOADER = "$(TEST_HOST)";
				CODE_SIGN_STYLE = Automatic;
				CURRENT_PROJECT_VERSION = 1;
				DEVELOPMENT_TEAM = 7ZX376GC28;
				GENERATE_INFOPLIST_FILE = YES;
				IPHONEOS_DEPLOYMENT_TARGET = 18.5;
				MARKETING_VERSION = 1.0;
				PRODUCT_BUNDLE_IDENTIFIER = xyz.subsai.SubsAITests;
				PRODUCT_NAME = "$(TARGET_NAME)";
				SWIFT_EMIT_LOC_STRINGS = NO;
				SWIFT_VERSION = 5.0;
				TARGETED_DEVICE_FAMILY = "1,2";
				TEST_HOST = "$(BUILT_PRODUCTS_DIR)/SubsAI.app/$(BUNDLE_EXECUTABLE_FOLDER_PATH)/SubsAI";
			};
			name = Release;
		};
		92CC2D512E2E9EA70008B48C /* Debug */ = {
			isa = XCBuildConfiguration;
			buildSettings = {
				CODE_SIGN_STYLE = Automatic;
				CURRENT_PROJECT_VERSION = 1;
				DEVELOPMENT_TEAM = 7ZX376GC28;
				GENERATE_INFOPLIST_FILE = YES;
				MARKETING_VERSION = 1.0;
				PRODUCT_BUNDLE_IDENTIFIER = xyz.subsai.SubsAIUITests;
				PRODUCT_NAME = "$(TARGET_NAME)";
				SWIFT_EMIT_LOC_STRINGS = NO;
				SWIFT_VERSION = 5.0;
				TARGETED_DEVICE_FAMILY = "1,2";
				TEST_TARGET_NAME = SubsAI;
			};
			name = Debug;
		};
		92CC2D522E2E9EA70008B48C /* Release */ = {
			isa = XCBuildConfiguration;
			buildSettings = {
				CODE_SIGN_STYLE = Automatic;
				CURRENT_PROJECT_VERSION = 1;
				DEVELOPMENT_TEAM = 7ZX376GC28;
				GENERATE_INFOPLIST_FILE = YES;
				MARKETING_VERSION = 1.0;
				PRODUCT_BUNDLE_IDENTIFIER = xyz.subsai.SubsAIUITests;
				PRODUCT_NAME = "$(TARGET_NAME)";
				SWIFT_EMIT_LOC_STRINGS = NO;
				SWIFT_VERSION = 5.0;
				TARGETED_DEVICE_FAMILY = "1,2";
				TEST_TARGET_NAME = SubsAI;
			};
			name = Release;
		};
/* End XCBuildConfiguration section */

/* Begin XCConfigurationList section */
		92CC2D242E2E9EA50008B48C /* Build configuration list for PBXProject "SubsAI" */ = {
			isa = XCConfigurationList;
			buildConfigurations = (
				92CC2D482E2E9EA70008B48C /* Debug */,
				92CC2D492E2E9EA70008B48C /* Release */,
			);
			defaultConfigurationIsVisible = 0;
			defaultConfigurationName = Release;
		};
		92CC2D4A2E2E9EA70008B48C /* Build configuration list for PBXNativeTarget "SubsAI" */ = {
			isa = XCConfigurationList;
			buildConfigurations = (
				92CC2D4B2E2E9EA70008B48C /* Debug */,
				92CC2D4C2E2E9EA70008B48C /* Release */,
			);
			defaultConfigurationIsVisible = 0;
			defaultConfigurationName = Release;
		};
		92CC2D4D2E2E9EA70008B48C /* Build configuration list for PBXNativeTarget "SubsAITests" */ = {
			isa = XCConfigurationList;
			buildConfigurations = (
				92CC2D4E2E2E9EA70008B48C /* Debug */,
				92CC2D4F2E2E9EA70008B48C /* Release */,
			);
			defaultConfigurationIsVisible = 0;
			defaultConfigurationName = Release;
		};
		92CC2D502E2E9EA70008B48C /* Build configuration list for PBXNativeTarget "SubsAIUITests" */ = {
			isa = XCConfigurationList;
			buildConfigurations = (
				92CC2D512E2E9EA70008B48C /* Debug */,
				92CC2D522E2E9EA70008B48C /* Release */,
			);
			defaultConfigurationIsVisible = 0;
			defaultConfigurationName = Release;
		};
/* End XCConfigurationList section */

/* Begin XCRemoteSwiftPackageReference section */
		9233F4042E30087F003620EC /* XCRemoteSwiftPackageReference "KeychainAccess" */ = {
			isa = XCRemoteSwiftPackageReference;
			repositoryURL = "https://github.com/kishikawakatsumi/KeychainAccess.git";
			requirement = {
				branch = master;
				kind = branch;
			};
		};
		9233F4072E30094E003620EC /* XCRemoteSwiftPackageReference "GoogleSignIn-iOS" */ = {
			isa = XCRemoteSwiftPackageReference;
			repositoryURL = "https://github.com/google/GoogleSignIn-iOS.git";
			requirement = {
				kind = upToNextMajorVersion;
				minimumVersion = 9.0.0;
			};
		};
		92CC2D552E2F82720008B48C /* XCRemoteSwiftPackageReference "firebase-ios-sdk" */ = {
			isa = XCRemoteSwiftPackageReference;
			repositoryURL = "https://github.com/firebase/firebase-ios-sdk";
			requirement = {
				kind = upToNextMajorVersion;
				minimumVersion = 12.0.0;
			};
		};
/* End XCRemoteSwiftPackageReference section */

/* Begin XCSwiftPackageProductDependency section */
		9233F4052E30087F003620EC /* KeychainAccess */ = {
			isa = XCSwiftPackageProductDependency;
			package = 9233F4042E30087F003620EC /* XCRemoteSwiftPackageReference "KeychainAccess" */;
			productName = KeychainAccess;
		};
		9233F4082E30094E003620EC /* GoogleSignIn */ = {
			isa = XCSwiftPackageProductDependency;
			package = 9233F4072E30094E003620EC /* XCRemoteSwiftPackageReference "GoogleSignIn-iOS" */;
			productName = GoogleSignIn;
		};
		92C8A4622E6EE2FC00B0E887 /* GoogleSignInSwift */ = {
			isa = XCSwiftPackageProductDependency;
			package = 9233F4072E30094E003620EC /* XCRemoteSwiftPackageReference "GoogleSignIn-iOS" */;
			productName = GoogleSignInSwift;
		};
		92CC2D562E2F82720008B48C /* FirebaseAuth */ = {
			isa = XCSwiftPackageProductDependency;
			package = 92CC2D552E2F82720008B48C /* XCRemoteSwiftPackageReference "firebase-ios-sdk" */;
			productName = FirebaseAuth;
		};
		92CC2D582E2F82720008B48C /* FirebaseAuthCombine-Community */ = {
			isa = XCSwiftPackageProductDependency;
			package = 92CC2D552E2F82720008B48C /* XCRemoteSwiftPackageReference "firebase-ios-sdk" */;
			productName = "FirebaseAuthCombine-Community";
		};
		92CC2D5A2E2F82720008B48C /* FirebaseFirestore */ = {
			isa = XCSwiftPackageProductDependency;
			package = 92CC2D552E2F82720008B48C /* XCRemoteSwiftPackageReference "firebase-ios-sdk" */;
			productName = FirebaseFirestore;
		};
		92CC2D5C2E2F82720008B48C /* FirebaseStorage */ = {
			isa = XCSwiftPackageProductDependency;
			package = 92CC2D552E2F82720008B48C /* XCRemoteSwiftPackageReference "firebase-ios-sdk" */;
			productName = FirebaseStorage;
		};
/* End XCSwiftPackageProductDependency section */
	};
	rootObject = 92CC2D212E2E9EA50008B48C /* Project object */;
}
